
Microsoft Visual Studio Solution File, Format Version 12.00
# Visual Studio Version 16
VisualStudioVersion = 25.0.1700.1
MinimumVisualStudioVersion = 10.0.40219.1
Project("{FAE04EC0-301F-11D3-BF4B-00C04F79EFBC}") = "PIPOC_WMDB", "PIPOC_WMDB.csproj", "{A43757D3-111E-4CDC-95B9-38005DC2DE1A}"
EndProject
Global
	GlobalSection(SolutionConfigurationPlatforms) = preSolution
		Debug|Any CPU = Debug|Any CPU
		Release|Any CPU = Release|Any CPU
	EndGlobalSection
	GlobalSection(ProjectConfigurationPlatforms) = postSolution
		{A43757D3-111E-4CDC-95B9-38005DC2DE1A}.Debug|Any CPU.ActiveCfg = Debug|Any CPU
		{A43757D3-111E-4CDC-95B9-38005DC2DE1A}.Debug|Any CPU.Build.0 = Debug|Any CPU
		{A43757D3-111E-4CDC-95B9-38005DC2DE1A}.Release|Any CPU.ActiveCfg = Release|Any CPU
		{A43757D3-111E-4CDC-95B9-38005DC2DE1A}.Release|Any CPU.Build.0 = Release|Any CPU
	EndGlobalSection
	GlobalSection(SolutionProperties) = preSolution
		HideSolutionNode = FALSE
	EndGlobalSection
	GlobalSection(ExtensibilityGlobals) = postSolution
		SolutionGuid = {7B0581DB-07E8-44D5-9AC1-8DA65B5328CF}
	EndGlobalSection
EndGlobal
